
Microsoft Visual Studio Solution File, Format Version 12.00
# Visual Studio 15
Project("{FAE04EC0-301F-11D3-BF4B-00C04F79EFBC}") = "IPAddress", "IPAdres\IPAddress.csproj", "{9FDC5159-F6E4-4066-8C7A-35797E99C04B}"
EndProject
Global
	GlobalSection(SolutionConfigurationPlatforms) = preSolution
		Debug|x86 = Debug|x86
		Release|x86 = Release|x86
	EndGlobalSection
	GlobalSection(ProjectConfigurationPlatforms) = postSolution
		{9FDC5159-F6E4-4066-8C7A-35797E99C04B}.Debug|x86.ActiveCfg = Debug|x86
		{9FDC5159-F6E4-4066-8C7A-35797E99C04B}.Debug|x86.Build.0 = Debug|x86
		{9FDC5159-F6E4-4066-8C7A-35797E99C04B}.Release|x86.ActiveCfg = Release|x86
		{9FDC5159-F6E4-4066-8C7A-35797E99C04B}.Release|x86.Build.0 = Release|x86
	EndGlobalSection
EndGlobal
