
Microsoft Visual Studio Solution File, Format Version 12.00
# Visual Studio 15
Project("{FAE04EC0-301F-11D3-BF4B-00C04F79EFBC}") = "task_DEV-2", "task_DEV-2\task_DEV-2.csproj", "{48D9F529-9642-4DF9-A327-9066BB774946}"
EndProject
Global
	GlobalSection(SolutionConfigurationPlatforms) = preSolution
		Debug|x86 = Debug|x86
		Release|x86 = Release|x86
	EndGlobalSection
	GlobalSection(ProjectConfigurationPlatforms) = postSolution
		{48D9F529-9642-4DF9-A327-9066BB774946}.Debug|x86.ActiveCfg = Debug|x86
		{48D9F529-9642-4DF9-A327-9066BB774946}.Debug|x86.Build.0 = Debug|x86
		{48D9F529-9642-4DF9-A327-9066BB774946}.Release|x86.ActiveCfg = Release|x86
		{48D9F529-9642-4DF9-A327-9066BB774946}.Release|x86.Build.0 = Release|x86
	EndGlobalSection
EndGlobal
